
Microsoft Visual Studio Solution File, Format Version 12.00
# Visual Studio Version 17
VisualStudioVersion = 17.2.32516.85
MinimumVisualStudioVersion = 10.0.40219.1
Project("{FAE04EC0-301F-11D3-BF4B-00C04F79EFBC}") = "RentACarDemo", "RentACarDemo\RentACarDemo.csproj", "{40054240-813D-4463-B2DA-FB36200ED798}"
EndProject
Project("{FAE04EC0-301F-11D3-BF4B-00C04F79EFBC}") = "BussiniesLayer", "BussiniesLayer\BussiniesLayer.csproj", "{F7217DA5-8AFD-40AE-95BA-7B408DEBAF05}"
EndProject
Project("{FAE04EC0-301F-11D3-BF4B-00C04F79EFBC}") = "DataAcsesLayer", "DataAcsesLayer\DataAcsesLayer.csproj", "{686D5C45-BFDC-456D-B910-FCF83BC47230}"
EndProject
Project("{FAE04EC0-301F-11D3-BF4B-00C04F79EFBC}") = "EntityLayer", "EntityLayer\EntityLayer.csproj", "{18DF568C-A813-4726-8453-7EBB805583D7}"
EndProject
Global
	GlobalSection(SolutionConfigurationPlatforms) = preSolution
		Debug|Any CPU = Debug|Any CPU
		Release|Any CPU = Release|Any CPU
	EndGlobalSection
	GlobalSection(ProjectConfigurationPlatforms) = postSolution
		{40054240-813D-4463-B2DA-FB36200ED798}.Debug|Any CPU.ActiveCfg = Debug|Any CPU
		{40054240-813D-4463-B2DA-FB36200ED798}.Debug|Any CPU.Build.0 = Debug|Any CPU
		{40054240-813D-4463-B2DA-FB36200ED798}.Release|Any CPU.ActiveCfg = Release|Any CPU
		{40054240-813D-4463-B2DA-FB36200ED798}.Release|Any CPU.Build.0 = Release|Any CPU
		{F7217DA5-8AFD-40AE-95BA-7B408DEBAF05}.Debug|Any CPU.ActiveCfg = Debug|Any CPU
		{F7217DA5-8AFD-40AE-95BA-7B408DEBAF05}.Debug|Any CPU.Build.0 = Debug|Any CPU
		{F7217DA5-8AFD-40AE-95BA-7B408DEBAF05}.Release|Any CPU.ActiveCfg = Release|Any CPU
		{F7217DA5-8AFD-40AE-95BA-7B408DEBAF05}.Release|Any CPU.Build.0 = Release|Any CPU
		{686D5C45-BFDC-456D-B910-FCF83BC47230}.Debug|Any CPU.ActiveCfg = Debug|Any CPU
		{686D5C45-BFDC-456D-B910-FCF83BC47230}.Debug|Any CPU.Build.0 = Debug|Any CPU
		{686D5C45-BFDC-456D-B910-FCF83BC47230}.Release|Any CPU.ActiveCfg = Release|Any CPU
		{686D5C45-BFDC-456D-B910-FCF83BC47230}.Release|Any CPU.Build.0 = Release|Any CPU
		{18DF568C-A813-4726-8453-7EBB805583D7}.Debug|Any CPU.ActiveCfg = Debug|Any CPU
		{18DF568C-A813-4726-8453-7EBB805583D7}.Debug|Any CPU.Build.0 = Debug|Any CPU
		{18DF568C-A813-4726-8453-7EBB805583D7}.Release|Any CPU.ActiveCfg = Release|Any CPU
		{18DF568C-A813-4726-8453-7EBB805583D7}.Release|Any CPU.Build.0 = Release|Any CPU
	EndGlobalSection
	GlobalSection(SolutionProperties) = preSolution
		HideSolutionNode = FALSE
	EndGlobalSection
	GlobalSection(ExtensibilityGlobals) = postSolution
		SolutionGuid = {50CDC262-E19B-4428-A0F6-89443E4B33E3}
	EndGlobalSection
EndGlobal
